// !$*UTF8*$!
{
	archiveVersion = 1;
	classes = {
	};
	objectVersion = 55;
	objects = {

/* Begin PBXBuildFile section */
		55BC3CCA286488E700A79D05 /* AppDelegate.swift in Sources */ = {isa = PBXBuildFile; fileRef = 55BC3CC9286488E700A79D05 /* AppDelegate.swift */; };
		55BC3CCC286488E700A79D05 /* SceneDelegate.swift in Sources */ = {isa = PBXBuildFile; fileRef = 55BC3CCB286488E700A79D05 /* SceneDelegate.swift */; };
		55BC3CCE286488E700A79D05 /* ViewController.swift in Sources */ = {isa = PBXBuildFile; fileRef = 55BC3CCD286488E700A79D05 /* ViewController.swift */; };
		55BC3CD1286488E700A79D05 /* Main.storyboard in Resources */ = {isa = PBXBuildFile; fileRef = 55BC3CCF286488E700A79D05 /* Main.storyboard */; };
		55BC3CD3286488E900A79D05 /* Assets.xcassets in Resources */ = {isa = PBXBuildFile; fileRef = 55BC3CD2286488E900A79D05 /* Assets.xcassets */; };
		55BC3CD6286488E900A79D05 /* LaunchScreen.storyboard in Resources */ = {isa = PBXBuildFile; fileRef = 55BC3CD4286488E900A79D05 /* LaunchScreen.storyboard */; };
		55BC3CDE2864890600A79D05 /* CryptoManager.swift in Sources */ = {isa = PBXBuildFile; fileRef = 55BC3CDD2864890600A79D05 /* CryptoManager.swift */; };
		55BC3CE328648E5800A79D05 /* background.pdf in Resources */ = {isa = PBXBuildFile; fileRef = 55BC3CE228648E5800A79D05 /* background.pdf */; };
/* End PBXBuildFile section */

/* Begin PBXFileReference section */
		55BC3CC6286488E700A79D05 /* Bitco.app */ = {isa = PBXFileReference; explicitFileType = wrapper.application; includeInIndex = 0; path = Bitco.app; sourceTree = BUILT_PRODUCTS_DIR; };
		55BC3CC9286488E700A79D05 /* AppDelegate.swift */ = {isa = PBXFileReference; lastKnownFileType = sourcecode.swift; path = AppDelegate.swift; sourceTree = "<group>"; };
		55BC3CCB286488E700A79D05 /* SceneDelegate.swift */ = {isa = PBXFileReference; lastKnownFileType = sourcecode.swift; path = SceneDelegate.swift; sourceTree = "<group>"; };
		55BC3CCD286488E700A79D05 /* ViewController.swift */ = {isa = PBXFileReference; lastKnownFileType = sourcecode.swift; path = ViewController.swift; sourceTree = "<group>"; };
		55BC3CD0286488E700A79D05 /* Base */ = {isa = PBXFileReference; lastKnownFileType = file.storyboard; name = Base; path = Base.lproj/Main.storyboard; sourceTree = "<group>"; };
		55BC3CD2286488E900A79D05 /* Assets.xcassets */ = {isa = PBXFileReference; lastKnownFileType = folder.assetcatalog; path = Assets.xcassets; sourceTree = "<group>"; };
		55BC3CD5286488E900A79D05 /* Base */ = {isa = PBXFileReference; lastKnownFileType = file.storyboard; name = Base; path = Base.lproj/LaunchScreen.storyboard; sourceTree = "<group>"; };
		55BC3CD7286488E900A79D05 /* Info.plist */ = {isa = PBXFileReference; lastKnownFileType = text.plist.xml; path = Info.plist; sourceTree = "<group>"; };
		55BC3CDD2864890600A79D05 /* CryptoManager.swift */ = {isa = PBXFileReference; lastKnownFileType = sourcecode.swift; path = CryptoManager.swift; sourceTree = "<group>"; };
		55BC3CE228648E5800A79D05 /* background.pdf */ = {isa = PBXFileReference; lastKnownFileType = image.pdf; name = background.pdf; path = ../../../../../background.pdf; sourceTree = "<group>"; };
/* End PBXFileReference section */

/* Begin PBXFrameworksBuildPhase section */
		55BC3CC3286488E700A79D05 /* Frameworks */ = {
			isa = PBXFrameworksBuildPhase;
			buildActionMask = 2147483647;
			files = (
			);
			runOnlyForDeploymentPostprocessing = 0;
		};
/* End PBXFrameworksBuildPhase section */

/* Begin PBXGroup section */
		55BC3CBD286488E700A79D05 = {
			isa = PBXGroup;
			children = (
				55BC3CC8286488E700A79D05 /* Bitco */,
				55BC3CC7286488E700A79D05 /* Products */,
			);
			sourceTree = "<group>";
		};
		55BC3CC7286488E700A79D05 /* Products */ = {
			isa = PBXGroup;
			children = (
				55BC3CC6286488E700A79D05 /* Bitco.app */,
			);
			name = Products;
			sourceTree = "<group>";
		};
		55BC3CC8286488E700A79D05 /* Bitco */ = {
			isa = PBXGroup;
			children = (
				55BC3CC9286488E700A79D05 /* AppDelegate.swift */,
				55BC3CCB286488E700A79D05 /* SceneDelegate.swift */,
				55BC3CDF2864891000A79D05 /* Model */,
				55BC3CE02864891A00A79D05 /* View */,
				55BC3CE12864892300A79D05 /* Controller */,
				55BC3CD2286488E900A79D05 /* Assets.xcassets */,
				55BC3CD4286488E900A79D05 /* LaunchScreen.storyboard */,
				55BC3CD7286488E900A79D05 /* Info.plist */,
				55BC3CE228648E5800A79D05 /* background.pdf */,
			);
			path = Bitco;
			sourceTree = "<group>";
		};
		55BC3CDF2864891000A79D05 /* Model */ = {
			isa = PBXGroup;
			children = (
				55BC3CDD2864890600A79D05 /* CryptoManager.swift */,
			);
			path = Model;
			sourceTree = "<group>";
		};
		55BC3CE02864891A00A79D05 /* View */ = {
			isa = PBXGroup;
			children = (
				55BC3CCF286488E700A79D05 /* Main.storyboard */,
			);
			path = View;
			sourceTree = "<group>";
		};
		55BC3CE12864892300A79D05 /* Controller */ = {
			isa = PBXGroup;
			children = (
				55BC3CCD286488E700A79D05 /* ViewController.swift */,
			);
			path = Controller;
			sourceTree = "<group>";
		};
/* End PBXGroup section */

/* Begin PBXNativeTarget section */
		55BC3CC5286488E700A79D05 /* Bitco */ = {
			isa = PBXNativeTarget;
			buildConfigurationList = 55BC3CDA286488E900A79D05 /* Build configuration list for PBXNativeTarget "Bitco" */;
			buildPhases = (
				55BC3CC2286488E700A79D05 /* Sources */,
				55BC3CC3286488E700A79D05 /* Frameworks */,
				55BC3CC4286488E700A79D05 /* Resources */,
			);
			buildRules = (
			);
			dependencies = (
			);
			name = Bitco;
			productName = Bitco;
			productReference = 55BC3CC6286488E700A79D05 /* Bitco.app */;
			productType = "com.apple.product-type.application";
		};
/* End PBXNativeTarget section */

/* Begin PBXProject section */
		55BC3CBE286488E700A79D05 /* Project object */ = {
			isa = PBXProject;
			attributes = {
				BuildIndependentTargetsInParallel = 1;
				LastSwiftUpdateCheck = 1330;
				LastUpgradeCheck = 1330;
				TargetAttributes = {
					55BC3CC5286488E700A79D05 = {
						CreatedOnToolsVersion = 13.3.1;
					};
				};
			};
			buildConfigurationList = 55BC3CC1286488E700A79D05 /* Build configuration list for PBXProject "Bitco" */;
			compatibilityVersion = "Xcode 13.0";
			developmentRegion = en;
			hasScannedForEncodings = 0;
			knownRegions = (
				en,
				Base,
			);
			mainGroup = 55BC3CBD286488E700A79D05;
			productRefGroup = 55BC3CC7286488E700A79D05 /* Products */;
			projectDirPath = "";
			projectRoot = "";
			targets = (
				55BC3CC5286488E700A79D05 /* Bitco */,
			);
		};
/* End PBXProject section */

/* Begin PBXResourcesBuildPhase section */
		55BC3CC4286488E700A79D05 /* Resources */ = {
			isa = PBXResourcesBuildPhase;
			buildActionMask = 2147483647;
			files = (
				55BC3CD6286488E900A79D05 /* LaunchScreen.storyboard in Resources */,
				55BC3CD3286488E900A79D05 /* Assets.xcassets in Resources */,
				55BC3CE328648E5800A79D05 /* background.pdf in Resources */,
				55BC3CD1286488E700A79D05 /* Main.storyboard in Resources */,
			);
			runOnlyForDeploymentPostprocessing = 0;
		};
/* End PBXResourcesBuildPhase section */

/* Begin PBXSourcesBuildPhase section */
		55BC3CC2286488E700A79D05 /* Sources */ = {
			isa = PBXSourcesBuildPhase;
			buildActionMask = 2147483647;
			files = (
				55BC3CCE286488E700A79D05 /* ViewController.swift in Sources */,
				55BC3CCA286488E700A79D05 /* AppDelegate.swift in Sources */,
				55BC3CDE2864890600A79D05 /* CryptoManager.swift in Sources */,
				55BC3CCC286488E700A79D05 /* SceneDelegate.swift in Sources */,
			);
			runOnlyForDeploymentPostprocessing = 0;
		};
/* End PBXSourcesBuildPhase section */

/* Begin PBXVariantGroup section */
		55BC3CCF286488E700A79D05 /* Main.storyboard */ = {
			isa = PBXVariantGroup;
			children = (
				55BC3CD0286488E700A79D05 /* Base */,
			);
			name = Main.storyboard;
			sourceTree = "<group>";
		};
		55BC3CD4286488E900A79D05 /* LaunchScreen.storyboard */ = {
			isa = PBXVariantGroup;
			children = (
				55BC3CD5286488E900A79D05 /* Base */,
			);
			name = LaunchScreen.storyboard;
			sourceTree = "<group>";
		};
/* End PBXVariantGroup section */

/* Begin XCBuildConfiguration section */
		55BC3CD8286488E900A79D05 /* Debug */ = {
			isa = XCBuildConfiguration;
			buildSettings = {
				ALWAYS_SEARCH_USER_PATHS = NO;
				CLANG_ANALYZER_NONNULL = YES;
				CLANG_ANALYZER_NUMBER_OBJECT_CONVERSION = YES_AGGRESSIVE;
				CLANG_CXX_LANGUAGE_STANDARD = "gnu++17";
				CLANG_ENABLE_MODULES = YES;
				CLANG_ENABLE_OBJC_ARC = YES;
				CLANG_ENABLE_OBJC_WEAK = YES;
				CLANG_WARN_BLOCK_CAPTURE_AUTORELEASING = YES;
				CLANG_WARN_BOOL_CONVERSION = YES;
				CLANG_WARN_COMMA = YES;
				CLANG_WARN_CONSTANT_CONVERSION = YES;
				CLANG_WARN_DEPRECATED_OBJC_IMPLEMENTATIONS = YES;
				CLANG_WARN_DIRECT_OBJC_ISA_USAGE = YES_ERROR;
				CLANG_WARN_DOCUMENTATION_COMMENTS = YES;
				CLANG_WARN_EMPTY_BODY = YES;
				CLANG_WARN_ENUM_CONVERSION = YES;
				CLANG_WARN_INFINITE_RECURSION = YES;
				CLANG_WARN_INT_CONVERSION = YES;
				CLANG_WARN_NON_LITERAL_NULL_CONVERSION = YES;
				CLANG_WARN_OBJC_IMPLICIT_RETAIN_SELF = YES;
				CLANG_WARN_OBJC_LITERAL_CONVERSION = YES;
				CLANG_WARN_OBJC_ROOT_CLASS = YES_ERROR;
				CLANG_WARN_QUOTED_INCLUDE_IN_FRAMEWORK_HEADER = YES;
				CLANG_WARN_RANGE_LOOP_ANALYSIS = YES;
				CLANG_WARN_STRICT_PROTOTYPES = YES;
				CLANG_WARN_SUSPICIOUS_MOVE = YES;
				CLANG_WARN_UNGUARDED_AVAILABILITY = YES_AGGRESSIVE;
				CLANG_WARN_UNREACHABLE_CODE = YES;
				CLANG_WARN__DUPLICATE_METHOD_MATCH = YES;
				COPY_PHASE_STRIP = NO;
				DEBUG_INFORMATION_FORMAT = dwarf;
				ENABLE_STRICT_OBJC_MSGSEND = YES;
				ENABLE_TESTABILITY = YES;
				GCC_C_LANGUAGE_STANDARD = gnu11;
				GCC_DYNAMIC_NO_PIC = NO;
				GCC_NO_COMMON_BLOCKS = YES;
				GCC_OPTIMIZATION_LEVEL = 0;
				GCC_PREPROCESSOR_DEFINITIONS = (
					"DEBUG=1",
					"$(inherited)",
				);
				GCC_WARN_64_TO_32_BIT_CONVERSION = YES;
				GCC_WARN_ABOUT_RETURN_TYPE = YES_ERROR;
				GCC_WARN_UNDECLARED_SELECTOR = YES;
				GCC_WARN_UNINITIALIZED_AUTOS = YES_AGGRESSIVE;
				GCC_WARN_UNUSED_FUNCTION = YES;
				GCC_WARN_UNUSED_VARIABLE = YES;
				IPHONEOS_DEPLOYMENT_TARGET = 15.4;
				MTL_ENABLE_DEBUG_INFO = INCLUDE_SOURCE;
				MTL_FAST_MATH = YES;
				ONLY_ACTIVE_ARCH = YES;
				SDKROOT = iphoneos;
				SWIFT_ACTIVE_COMPILATION_CONDITIONS = DEBUG;
				SWIFT_OPTIMIZATION_LEVEL = "-Onone";
			};
			name = Debug;
		};
		55BC3CD9286488E900A79D05 /* Release */ = {
			isa = XCBuildConfiguration;
			buildSettings = {
				ALWAYS_SEARCH_USER_PATHS = NO;
				CLANG_ANALYZER_NONNULL = YES;
				CLANG_ANALYZER_NUMBER_OBJECT_CONVERSION = YES_AGGRESSIVE;
				CLANG_CXX_LANGUAGE_STANDARD = "gnu++17";
				CLANG_ENABLE_MODULES = YES;
				CLANG_ENABLE_OBJC_ARC = YES;
				CLANG_ENABLE_OBJC_WEAK = YES;
				CLANG_WARN_BLOCK_CAPTURE_AUTORELEASING = YES;
				CLANG_WARN_BOOL_CONVERSION = YES;
				CLANG_WARN_COMMA = YES;
				CLANG_WARN_CONSTANT_CONVERSION = YES;
				CLANG_WARN_DEPRECATED_OBJC_IMPLEMENTATIONS = YES;
				CLANG_WARN_DIRECT_OBJC_ISA_USAGE = YES_ERROR;
				CLANG_WARN_DOCUMENTATION_COMMENTS = YES;
				CLANG_WARN_EMPTY_BODY = YES;
				CLANG_WARN_ENUM_CONVERSION = YES;
				CLANG_WARN_INFINITE_RECURSION = YES;
				CLANG_WARN_INT_CONVERSION = YES;
				CLANG_WARN_NON_LITERAL_NULL_CONVERSION = YES;
				CLANG_WARN_OBJC_IMPLICIT_RETAIN_SELF = YES;
				CLANG_WARN_OBJC_LITERAL_CONVERSION = YES;
				CLANG_WARN_OBJC_ROOT_CLASS = YES_ERROR;
				CLANG_WARN_QUOTED_INCLUDE_IN_FRAMEWORK_HEADER = YES;
				CLANG_WARN_RANGE_LOOP_ANALYSIS = YES;
				CLANG_WARN_STRICT_PROTOTYPES = YES;
				CLANG_WARN_SUSPICIOUS_MOVE = YES;
				CLANG_WARN_UNGUARDED_AVAILABILITY = YES_AGGRESSIVE;
				CLANG_WARN_UNREACHABLE_CODE = YES;
				CLANG_WARN__DUPLICATE_METHOD_MATCH = YES;
				COPY_PHASE_STRIP = NO;
				DEBUG_INFORMATION_FORMAT = "dwarf-with-dsym";
				ENABLE_NS_ASSERTIONS = NO;
				ENABLE_STRICT_OBJC_MSGSEND = YES;
				GCC_C_LANGUAGE_STANDARD = gnu11;
				GCC_NO_COMMON_BLOCKS = YES;
				GCC_WARN_64_TO_32_BIT_CONVERSION = YES;
				GCC_WARN_ABOUT_RETURN_TYPE = YES_ERROR;
				GCC_WARN_UNDECLARED_SELECTOR = YES;
				GCC_WARN_UNINITIALIZED_AUTOS = YES_AGGRESSIVE;
				GCC_WARN_UNUSED_FUNCTION = YES;
				GCC_WARN_UNUSED_VARIABLE = YES;
				IPHONEOS_DEPLOYMENT_TARGET = 15.4;
				MTL_ENABLE_DEBUG_INFO = NO;
				MTL_FAST_MATH = YES;
				SDKROOT = iphoneos;
				SWIFT_COMPILATION_MODE = wholemodule;
				SWIFT_OPTIMIZATION_LEVEL = "-O";
				VALIDATE_PRODUCT = YES;
			};
			name = Release;
		};
		55BC3CDB286488E900A79D05 /* Debug */ = {
			isa = XCBuildConfiguration;
			buildSettings = {
				ASSETCATALOG_COMPILER_APPICON_NAME = AppIcon;
				ASSETCATALOG_COMPILER_GLOBAL_ACCENT_COLOR_NAME = AccentColor;
				CODE_SIGN_STYLE = Automatic;
				CURRENT_PROJECT_VERSION = 1;
				GENERATE_INFOPLIST_FILE = YES;
				INFOPLIST_FILE = Bitco/Info.plist;
				INFOPLIST_KEY_UIApplicationSupportsIndirectInputEvents = YES;
				INFOPLIST_KEY_UILaunchStoryboardName = LaunchScreen;
				INFOPLIST_KEY_UIMainStoryboardFile = Main;
				INFOPLIST_KEY_UISupportedInterfaceOrientations_iPad = "UIInterfaceOrientationPortrait UIInterfaceOrientationPortraitUpsideDown UIInterfaceOrientationLandscapeLeft UIInterfaceOrientationLandscapeRight";
				INFOPLIST_KEY_UISupportedInterfaceOrientations_iPhone = "UIInterfaceOrientationPortrait UIInterfaceOrientationLandscapeLeft UIInterfaceOrientationLandscapeRight";
				LD_RUNPATH_SEARCH_PATHS = (
					"$(inherited)",
					"@executable_path/Frameworks",
				);
				MARKETING_VERSION = 1.0;
				PRODUCT_BUNDLE_IDENTIFIER = "com.the-ounce.Bitco";
				PRODUCT_NAME = "$(TARGET_NAME)";
				SWIFT_EMIT_LOC_STRINGS = YES;
				SWIFT_VERSION = 5.0;
				TARGETED_DEVICE_FAMILY = "1,2";
			};
			name = Debug;
		};
		55BC3CDC286488E900A79D05 /* Release */ = {
			isa = XCBuildConfiguration;
			buildSettings = {
				ASSETCATALOG_COMPILER_APPICON_NAME = AppIcon;
				ASSETCATALOG_COMPILER_GLOBAL_ACCENT_COLOR_NAME = AccentColor;
				CODE_SIGN_STYLE = Automatic;
				CURRENT_PROJECT_VERSION = 1;
				GENERATE_INFOPLIST_FILE = YES;
				INFOPLIST_FILE = Bitco/Info.plist;
				INFOPLIST_KEY_UIApplicationSupportsIndirectInputEvents = YES;
				INFOPLIST_KEY_UILaunchStoryboardName = LaunchScreen;
				INFOPLIST_KEY_UIMainStoryboardFile = Main;
				INFOPLIST_KEY_UISupportedInterfaceOrientations_iPad = "UIInterfaceOrientationPortrait UIInterfaceOrientationPortraitUpsideDown UIInterfaceOrientationLandscapeLeft UIInterfaceOrientationLandscapeRight";
				INFOPLIST_KEY_UISupportedInterfaceOrientations_iPhone = "UIInterfaceOrientationPortrait UIInterfaceOrientationLandscapeLeft UIInterfaceOrientationLandscapeRight";
				LD_RUNPATH_SEARCH_PATHS = (
					"$(inherited)",
					"@executable_path/Frameworks",
				);
				MARKETING_VERSION = 1.0;
				PRODUCT_BUNDLE_IDENTIFIER = "com.the-ounce.Bitco";
				PRODUCT_NAME = "$(TARGET_NAME)";
				SWIFT_EMIT_LOC_STRINGS = YES;
				SWIFT_VERSION = 5.0;
				TARGETED_DEVICE_FAMILY = "1,2";
			};
			name = Release;
		};
/* End XCBuildConfiguration section */

/* Begin XCConfigurationList section */
		55BC3CC1286488E700A79D05 /* Build configuration list for PBXProject "Bitco" */ = {
			isa = XCConfigurationList;
			buildConfigurations = (
				55BC3CD8286488E900A79D05 /* Debug */,
				55BC3CD9286488E900A79D05 /* Release */,
			);
			defaultConfigurationIsVisible = 0;
			defaultConfigurationName = Release;
		};
		55BC3CDA286488E900A79D05 /* Build configuration list for PBXNativeTarget "Bitco" */ = {
			isa = XCConfigurationList;
			buildConfigurations = (
				55BC3CDB286488E900A79D05 /* Debug */,
				55BC3CDC286488E900A79D05 /* Release */,
			);
			defaultConfigurationIsVisible = 0;
			defaultConfigurationName = Release;
		};
/* End XCConfigurationList section */
	};
	rootObject = 55BC3CBE286488E700A79D05 /* Project object */;
}
